
Microsoft Visual Studio Solution File, Format Version 12.00
# Visual Studio Version 17
VisualStudioVersion = 17.1.32421.90
MinimumVisualStudioVersion = 10.0.40219.1
Project("{8BC9CEB8-8B4A-11D0-8D11-00A0C91BC942}") = "RGR_AI12_Ryzhov_Shipulin_Andrianov", "RGR_AI12_Ryzhov_Shipulin_Andrianov\RGR_AI12_Ryzhov_Shipulin_Andrianov.vcxproj", "{8875C81E-3917-4B27-BCEF-CD2EB8CA6E78}"
EndProject
Global
	GlobalSection(SolutionConfigurationPlatforms) = preSolution
		Debug|x64 = Debug|x64
		Debug|x86 = Debug|x86
		Release|x64 = Release|x64
		Release|x86 = Release|x86
	EndGlobalSection
	GlobalSection(ProjectConfigurationPlatforms) = postSolution
		{8875C81E-3917-4B27-BCEF-CD2EB8CA6E78}.Debug|x64.ActiveCfg = Debug|x64
		{8875C81E-3917-4B27-BCEF-CD2EB8CA6E78}.Debug|x64.Build.0 = Debug|x64
		{8875C81E-3917-4B27-BCEF-CD2EB8CA6E78}.Debug|x86.ActiveCfg = Debug|Win32
		{8875C81E-3917-4B27-BCEF-CD2EB8CA6E78}.Debug|x86.Build.0 = Debug|Win32
		{8875C81E-3917-4B27-BCEF-CD2EB8CA6E78}.Release|x64.ActiveCfg = Release|x64
		{8875C81E-3917-4B27-BCEF-CD2EB8CA6E78}.Release|x64.Build.0 = Release|x64
		{8875C81E-3917-4B27-BCEF-CD2EB8CA6E78}.Release|x86.ActiveCfg = Release|Win32
		{8875C81E-3917-4B27-BCEF-CD2EB8CA6E78}.Release|x86.Build.0 = Release|Win32
	EndGlobalSection
	GlobalSection(SolutionProperties) = preSolution
		HideSolutionNode = FALSE
	EndGlobalSection
	GlobalSection(ExtensibilityGlobals) = postSolution
		SolutionGuid = {A7527843-F3A0-41B5-AFE3-C3D1DE153D91}
	EndGlobalSection
EndGlobal
